
Microsoft Visual Studio Solution File, Format Version 12.00
# Visual Studio 15
VisualStudioVersion = 15.0.26206.0
MinimumVisualStudioVersion = 10.0.40219.1
Project("{FAE04EC0-301F-11D3-BF4B-00C04F79EFBC}") = "TextRedactorHuina", "TextRedactor\TextRedactorHuina.csproj", "{A1A8C88E-49C4-4ACE-A97E-03C1513E0DA7}"
EndProject
Project("{FAE04EC0-301F-11D3-BF4B-00C04F79EFBC}") = "Controls", "Controls\Controls.csproj", "{EAC710B7-25E8-4D3E-A10D-89DF18C24D46}"
EndProject
Project("{FAE04EC0-301F-11D3-BF4B-00C04F79EFBC}") = "ApplicationLayer", "ApplicationLayer\ApplicationLayer.csproj", "{86F4E438-26FD-4795-9682-60477781D38B}"
EndProject
Project("{FAE04EC0-301F-11D3-BF4B-00C04F79EFBC}") = "UILayer", "UILayer\UILayer.csproj", "{7218C778-E7AC-44B6-A27E-6B53267B7FFD}"
EndProject
Project("{FAE04EC0-301F-11D3-BF4B-00C04F79EFBC}") = "TextRedactor", "TextRedactor\TextRedactor.csproj", "{4EEE8DDE-22D0-4D24-A450-92BFB5571D88}"
EndProject
Global
	GlobalSection(SolutionConfigurationPlatforms) = preSolution
		Debug|Any CPU = Debug|Any CPU
		Release|Any CPU = Release|Any CPU
	EndGlobalSection
	GlobalSection(ProjectConfigurationPlatforms) = postSolution
		{A1A8C88E-49C4-4ACE-A97E-03C1513E0DA7}.Debug|Any CPU.ActiveCfg = Debug|Any CPU
		{A1A8C88E-49C4-4ACE-A97E-03C1513E0DA7}.Debug|Any CPU.Build.0 = Debug|Any CPU
		{A1A8C88E-49C4-4ACE-A97E-03C1513E0DA7}.Release|Any CPU.ActiveCfg = Release|Any CPU
		{A1A8C88E-49C4-4ACE-A97E-03C1513E0DA7}.Release|Any CPU.Build.0 = Release|Any CPU
		{EAC710B7-25E8-4D3E-A10D-89DF18C24D46}.Debug|Any CPU.ActiveCfg = Debug|Any CPU
		{EAC710B7-25E8-4D3E-A10D-89DF18C24D46}.Debug|Any CPU.Build.0 = Debug|Any CPU
		{EAC710B7-25E8-4D3E-A10D-89DF18C24D46}.Release|Any CPU.ActiveCfg = Release|Any CPU
		{EAC710B7-25E8-4D3E-A10D-89DF18C24D46}.Release|Any CPU.Build.0 = Release|Any CPU
		{86F4E438-26FD-4795-9682-60477781D38B}.Debug|Any CPU.ActiveCfg = Debug|Any CPU
		{86F4E438-26FD-4795-9682-60477781D38B}.Debug|Any CPU.Build.0 = Debug|Any CPU
		{86F4E438-26FD-4795-9682-60477781D38B}.Release|Any CPU.ActiveCfg = Release|Any CPU
		{86F4E438-26FD-4795-9682-60477781D38B}.Release|Any CPU.Build.0 = Release|Any CPU
		{7218C778-E7AC-44B6-A27E-6B53267B7FFD}.Debug|Any CPU.ActiveCfg = Debug|Any CPU
		{7218C778-E7AC-44B6-A27E-6B53267B7FFD}.Debug|Any CPU.Build.0 = Debug|Any CPU
		{7218C778-E7AC-44B6-A27E-6B53267B7FFD}.Release|Any CPU.ActiveCfg = Release|Any CPU
		{7218C778-E7AC-44B6-A27E-6B53267B7FFD}.Release|Any CPU.Build.0 = Release|Any CPU
		{4EEE8DDE-22D0-4D24-A450-92BFB5571D88}.Debug|Any CPU.ActiveCfg = Debug|Any CPU
		{4EEE8DDE-22D0-4D24-A450-92BFB5571D88}.Debug|Any CPU.Build.0 = Debug|Any CPU
		{4EEE8DDE-22D0-4D24-A450-92BFB5571D88}.Release|Any CPU.ActiveCfg = Release|Any CPU
		{4EEE8DDE-22D0-4D24-A450-92BFB5571D88}.Release|Any CPU.Build.0 = Release|Any CPU
	EndGlobalSection
	GlobalSection(SolutionProperties) = preSolution
		HideSolutionNode = FALSE
	EndGlobalSection
EndGlobal
